# This file is generated by running "yarn install" inside your project.
# Manual changes might be lost - proceed with caution!

__metadata:
  version: 6
  cacheKey: 8

"@types/hoist-non-react-statics@npm:^3.3.1":
  version: 3.3.1
  resolution: "@types/hoist-non-react-statics@npm:3.3.1"
  dependencies:
    "@types/react": "*"
    hoist-non-react-statics: ^3.3.0
  checksum: 2c0778570d9a01d05afabc781b32163f28409bb98f7245c38d5eaf082416fdb73034003f5825eb5e21313044e8d2d9e1f3fe2831e345d3d1b1d20bcd12270719
  languageName: node
  linkType: hard

"@types/prop-types@npm:*":
  version: 15.7.5
  resolution: "@types/prop-types@npm:15.7.5"
  checksum: 5b43b8b15415e1f298243165f1d44390403bb2bd42e662bca3b5b5633fdd39c938e91b7fce3a9483699db0f7a715d08cef220c121f723a634972fdf596aec980
  languageName: node
  linkType: hard

"@types/react@npm:*":
  version: 18.0.17
  resolution: "@types/react@npm:18.0.17"
  dependencies:
    "@types/prop-types": "*"
    "@types/scheduler": "*"
    csstype: ^3.0.2
  checksum: 18cae64f5bfd6bb58fbd8ee2ba52ec82de844f114254e26de7b513e4b86621f643f9b71d7066958cd571b0d78cb86cbceda449c5289f9349ca573df29ab69252
  languageName: node
  linkType: hard

"@types/scheduler@npm:*":
  version: 0.16.2
  resolution: "@types/scheduler@npm:0.16.2"
  checksum: b6b4dcfeae6deba2e06a70941860fb1435730576d3689225a421280b7742318d1548b3d22c1f66ab68e414f346a9542f29240bc955b6332c5b11e561077583bc
  languageName: node
  linkType: hard

"csstype@npm:^3.0.2":
  version: 3.1.0
  resolution: "csstype@npm:3.1.0"
  checksum: 644e986cefab86525f0b674a06889cfdbb1f117e5b7d1ce0fc55b0423ecc58807a1ea42ecc75c4f18999d14fc42d1d255f84662a45003a52bb5840e977eb2ffd
  languageName: node
  linkType: hard

"dom-element-path@npm:^1.3.1":
  version: 1.3.1
  resolution: "dom-element-path@npm:1.3.1"
  checksum: e8a9b39a6da695a3e5f9913b910185f54c5772783784015b4bcface6b9ed8800c7f3677f31f270f23d9430de51f82c0e6696f0bf911d98e9b50eb2d5d4ac7e17
  languageName: node
  linkType: hard

"hamt_plus@npm:1.0.2":
  version: 1.0.2
  resolution: "hamt_plus@npm:1.0.2"
  checksum: af26ea32db03009019cc83dfa9411521a2fa16079443de1a502c9be46d8b3c975acda8ed93fc5750ef08d3186d35901e2d8cfe717dd54bea67b358601fa74e4c
  languageName: node
  linkType: hard

"hoist-non-react-statics@npm:^3.3.0, hoist-non-react-statics@npm:^3.3.2":
  version: 3.3.2
  resolution: "hoist-non-react-statics@npm:3.3.2"
  dependencies:
    react-is: ^16.7.0
  checksum: b1538270429b13901ee586aa44f4cc3ecd8831c061d06cb8322e50ea17b3f5ce4d0e2e66394761e6c8e152cd8c34fb3b4b690116c6ce2bd45b18c746516cb9e8
  languageName: node
  linkType: hard

"js-tokens@npm:^3.0.0 || ^4.0.0":
  version: 4.0.0
  resolution: "js-tokens@npm:4.0.0"
  checksum: 8a95213a5a77deb6cbe94d86340e8d9ace2b93bc367790b260101d2f36a2eaf4e4e22d9fa9cf459b38af3a32fb4190e638024cf82ec95ef708680e405ea7cc78
  languageName: node
  linkType: hard

"loose-envify@npm:^1.1.0":
  version: 1.4.0
  resolution: "loose-envify@npm:1.4.0"
  dependencies:
    js-tokens: ^3.0.0 || ^4.0.0
  bin:
    loose-envify: cli.js
  checksum: 6517e24e0cad87ec9888f500c5b5947032cdfe6ef65e1c1936a0c48a524b81e65542c9c3edc91c97d5bddc806ee2a985dbc79be89215d613b1de5db6d1cfe6f4
  languageName: node
  linkType: hard

"react-dom@npm:^18":
  version: 18.2.0
  resolution: "react-dom@npm:18.2.0"
  dependencies:
    loose-envify: ^1.1.0
    scheduler: ^0.23.0
  peerDependencies:
    react: ^18.2.0
  checksum: 7d323310bea3a91be2965f9468d552f201b1c27891e45ddc2d6b8f717680c95a75ae0bc1e3f5cf41472446a2589a75aed4483aee8169287909fcd59ad149e8cc
  languageName: node
  linkType: hard

"react-is@npm:^16.7.0":
  version: 16.13.1
  resolution: "react-is@npm:16.13.1"
  checksum: f7a19ac3496de32ca9ae12aa030f00f14a3d45374f1ceca0af707c831b2a6098ef0d6bdae51bd437b0a306d7f01d4677fcc8de7c0d331eb47ad0f46130e53c5f
  languageName: node
  linkType: hard

"react@npm:^18":
  version: 18.2.0
  resolution: "react@npm:18.2.0"
  dependencies:
    loose-envify: ^1.1.0
  checksum: 88e38092da8839b830cda6feef2e8505dec8ace60579e46aa5490fc3dc9bba0bd50336507dc166f43e3afc1c42939c09fe33b25fae889d6f402721dcd78fca1b
  languageName: node
  linkType: hard

"reactive-hydration@workspace:.":
  version: 0.0.0-use.local
  resolution: "reactive-hydration@workspace:."
  dependencies:
    "@types/hoist-non-react-statics": ^3.3.1
    dom-element-path: ^1.3.1
    hoist-non-react-statics: ^3.3.2
    react: ^18
    react-dom: ^18
    recoil: ^0.7.5
    recoil-nexus: ^0.4.0
  languageName: unknown
  linkType: soft

"recoil-nexus@npm:^0.4.0":
  version: 0.4.0
  resolution: "recoil-nexus@npm:0.4.0"
  peerDependencies:
    "@types/react": ">=16.8.0"
    react: ">=16.8.0"
    react-dom: ">=16.8.0"
    recoil: ">=0.2.0"
    typescript: ">=4.1.0"
  checksum: 9671dbe93b42019f6a3efb0c7b6409e0c12d23339077e3a940edee9ae928f38b5546f6a71555dbba7513c6db0d8a7d8bf47c9f41fd8b341045ff93c248b54151
  languageName: node
  linkType: hard

"recoil@npm:^0.7.5":
  version: 0.7.5
  resolution: "recoil@npm:0.7.5"
  dependencies:
    hamt_plus: 1.0.2
  peerDependencies:
    react: ">=16.13.1"
  peerDependenciesMeta:
    react-dom:
      optional: true
    react-native:
      optional: true
  checksum: 19b410cca6839c8b886b91378112e12de3e0393b547211dafcf7a272c1aa2d7af6c09a9ed39fb3e1997abe5f3d6583e3774dc9f9cdda8c36e4cb0be64a1b17ce
  languageName: node
  linkType: hard

"scheduler@npm:^0.23.0":
  version: 0.23.0
  resolution: "scheduler@npm:0.23.0"
  dependencies:
    loose-envify: ^1.1.0
  checksum: d79192eeaa12abef860c195ea45d37cbf2bbf5f66e3c4dcd16f54a7da53b17788a70d109ee3d3dde1a0fd50e6a8fc171f4300356c5aee4fc0171de526bf35f8a
  languageName: node
  linkType: hard
